
Microsoft Visual Studio Solution File, Format Version 12.00
# Visual Studio Version 17
VisualStudioVersion = 17.1.32421.90
MinimumVisualStudioVersion = 10.0.40219.1
Project("{FAE04EC0-301F-11D3-BF4B-00C04F79EFBC}") = "TapTap", "TapTap\TapTap.csproj", "{68B14C25-D2AF-47A2-94A7-6997DC5F21C5}"
EndProject
Global
	GlobalSection(SolutionConfigurationPlatforms) = preSolution
		Debug|Any CPU = Debug|Any CPU
		Release|Any CPU = Release|Any CPU
	EndGlobalSection
	GlobalSection(ProjectConfigurationPlatforms) = postSolution
		{68B14C25-D2AF-47A2-94A7-6997DC5F21C5}.Debug|Any CPU.ActiveCfg = Debug|Any CPU
		{68B14C25-D2AF-47A2-94A7-6997DC5F21C5}.Debug|Any CPU.Build.0 = Debug|Any CPU
		{68B14C25-D2AF-47A2-94A7-6997DC5F21C5}.Release|Any CPU.ActiveCfg = Release|Any CPU
		{68B14C25-D2AF-47A2-94A7-6997DC5F21C5}.Release|Any CPU.Build.0 = Release|Any CPU
	EndGlobalSection
	GlobalSection(SolutionProperties) = preSolution
		HideSolutionNode = FALSE
	EndGlobalSection
	GlobalSection(ExtensibilityGlobals) = postSolution
		SolutionGuid = {DADAE97F-E0FF-46BF-8181-59A5EC690057}
	EndGlobalSection
EndGlobal
